<?xml version="1.0" encoding="utf-8"?>
<Project ToolsVersion="4.0" xmlns="http://schemas.microsoft.com/developer/msbuild/2003">
  <ItemGroup>
    <Filter Include="Quelldateien">
      <UniqueIdentifier>{4FC737F1-C7A5-4376-A066-2A32D752A2FF}</UniqueIdentifier>
      <Extensions>cpp;c;cc;cxx;def;odl;idl;hpj;bat;asm;asmx</Extensions>
    </Filter>
    <Filter Include="Headerdateien">
      <UniqueIdentifier>{93995380-89BD-4b04-88EB-625FBE52EBFB}</UniqueIdentifier>
      <Extensions>h;hh;hpp;hxx;hm;inl;inc;xsd</Extensions>
    </Filter>
    <Filter Include="Ressourcendateien">
      <UniqueIdentifier>{67DA6AB6-F800-4c08-8B7A-83BB121AAD01}</UniqueIdentifier>
      <Extensions>rc;ico;cur;bmp;dlg;rc2;rct;bin;rgs;gif;jpg;jpeg;jpe;resx;tiff;tif;png;wav;mfcribbon-ms</Extensions>
    </Filter>
    <Filter Include="Components">
      <UniqueIdentifier>{f4c2a302-b92b-4179-a56d-bc0b75c4d9c6}</UniqueIdentifier>
    </Filter>
    <Filter Include="Components\Header">
      <UniqueIdentifier>{71839e8e-dc89-4c22-8254-0a19e2e8e533}</UniqueIdentifier>
    </Filter>
    <Filter Include="Components\Source">
      <UniqueIdentifier>{5e035327-9c8f-4869-be63-c34ca4b17e15}</UniqueIdentifier>
    </Filter>
  </ItemGroup>
  <ItemGroup>
    <Text Include="ReadMe.txt" />
  </ItemGroup>
  <ItemGroup>
    <ClInclude Include="targetver.h">
      <Filter>Headerdateien</Filter>
    </ClInclude>
    <ClInclude Include="ValkyraEngine.h">
      <Filter>Headerdateien</Filter>
    </ClInclude>
    <ClInclude Include="WindowHelper\TWinHelper.h">
      <Filter>Headerdateien</Filter>
    </ClInclude>
    <ClInclude Include="DataStructure\TArray.h">
      <Filter>Headerdateien</Filter>
    </ClInclude>
    <ClInclude Include="TBaseClass.h">
      <Filter>Headerdateien</Filter>
    </ClInclude>
    <ClInclude Include="TString.h">
      <Filter>Headerdateien</Filter>
    </ClInclude>
    <ClInclude Include="TTimerHelper.h">
      <Filter>Headerdateien</Filter>
    </ClInclude>
    <ClInclude Include="TComponent.h">
      <Filter>Components\Header</Filter>
    </ClInclude>
    <ClInclude Include="TMessage.h">
      <Filter>Headerdateien</Filter>
    </ClInclude>
    <ClInclude Include="TCamera.h">
      <Filter>Headerdateien</Filter>
    </ClInclude>
    <ClInclude Include="MessageTypes.h">
      <Filter>Headerdateien</Filter>
    </ClInclude>
    <ClInclude Include="TScene.h">
      <Filter>Headerdateien</Filter>
    </ClInclude>
    <ClInclude Include="TEngineComponent.h">
      <Filter>Components\Header</Filter>
    </ClInclude>
    <ClInclude Include="TValkyraEngine.h">
      <Filter>Headerdateien</Filter>
    </ClInclude>
    <ClInclude Include="TSenceNode.h">
      <Filter>Headerdateien</Filter>
    </ClInclude>
    <ClInclude Include="TGraphicObject.h">
      <Filter>Headerdateien</Filter>
    </ClInclude>
    <ClInclude Include="TMeshBase.h">
      <Filter>Headerdateien</Filter>
    </ClInclude>
    <ClInclude Include="TConfigReader.h">
      <Filter>Headerdateien</Filter>
    </ClInclude>
    <ClInclude Include="TZip.h">
      <Filter>Headerdateien</Filter>
    </ClInclude>
    <ClInclude Include="TText.h">
      <Filter>Headerdateien</Filter>
    </ClInclude>
    <ClInclude Include="TGraphicDeviceBase.h">
      <Filter>Headerdateien</Filter>
    </ClInclude>
    <ClInclude Include="TDirectX9Device.h">
      <Filter>Headerdateien</Filter>
    </ClInclude>
    <ClInclude Include="TDirectX11Device.h">
      <Filter>Headerdateien</Filter>
    </ClInclude>
    <ClInclude Include="TMiracle.h">
      <Filter>Headerdateien</Filter>
    </ClInclude>
    <ClInclude Include="TSoundDeviceBase.h">
      <Filter>Headerdateien</Filter>
    </ClInclude>
    <ClInclude Include="TEngineApplication.h">
      <Filter>Headerdateien</Filter>
    </ClInclude>
    <ClInclude Include="TStaticMesh.h">
      <Filter>Headerdateien</Filter>
    </ClInclude>
    <ClInclude Include="TDNA.h">
      <Filter>Headerdateien</Filter>
    </ClInclude>
    <ClInclude Include="TRandom.h">
      <Filter>Headerdateien</Filter>
    </ClInclude>
    <ClInclude Include="TGeneticAlgorithm.h">
      <Filter>Headerdateien</Filter>
    </ClInclude>
    <ClInclude Include="Vector3.h">
      <Filter>Headerdateien</Filter>
    </ClInclude>
    <ClInclude Include="TInputComponent.h">
      <Filter>Headerdateien</Filter>
    </ClInclude>
    <ClInclude Include="TD3DText.h">
      <Filter>Headerdateien</Filter>
    </ClInclude>
  </ItemGroup>
  <ItemGroup>
    <ClCompile Include="ValkyraEngine.cpp">
      <Filter>Quelldateien</Filter>
    </ClCompile>
    <ClCompile Include="WindowHelper\TWinHelper.cpp">
      <Filter>Quelldateien</Filter>
    </ClCompile>
    <ClCompile Include="DataStructure\TArray.cpp">
      <Filter>Quelldateien</Filter>
    </ClCompile>
    <ClCompile Include="TBaseClass.cpp">
      <Filter>Quelldateien</Filter>
    </ClCompile>
    <ClCompile Include="TString.cpp">
      <Filter>Quelldateien</Filter>
    </ClCompile>
    <ClCompile Include="TTimerHelper.cpp">
      <Filter>Quelldateien</Filter>
    </ClCompile>
    <ClCompile Include="TComponent.cpp">
      <Filter>Components\Source</Filter>
    </ClCompile>
    <ClCompile Include="TMessage.cpp">
      <Filter>Quelldateien</Filter>
    </ClCompile>
    <ClCompile Include="TCamera.cpp">
      <Filter>Quelldateien</Filter>
    </ClCompile>
    <ClCompile Include="TScene.cpp">
      <Filter>Quelldateien</Filter>
    </ClCompile>
    <ClCompile Include="TEngineComponent.cpp">
      <Filter>Components\Source</Filter>
    </ClCompile>
    <ClCompile Include="TValkyraEngine.cpp">
      <Filter>Quelldateien</Filter>
    </ClCompile>
    <ClCompile Include="TSenceNode.cpp">
      <Filter>Quelldateien</Filter>
    </ClCompile>
    <ClCompile Include="TGraphicObject.cpp">
      <Filter>Quelldateien</Filter>
    </ClCompile>
    <ClCompile Include="TMeshBase.cpp">
      <Filter>Quelldateien</Filter>
    </ClCompile>
    <ClCompile Include="TConfigReader.cpp">
      <Filter>Quelldateien</Filter>
    </ClCompile>
    <ClCompile Include="TZip.cpp">
      <Filter>Quelldateien</Filter>
    </ClCompile>
    <ClCompile Include="TText.cpp">
      <Filter>Quelldateien</Filter>
    </ClCompile>
    <ClCompile Include="TGraphicDeviceBase.cpp">
      <Filter>Quelldateien</Filter>
    </ClCompile>
    <ClCompile Include="TDirectX9Device.cpp">
      <Filter>Quelldateien</Filter>
    </ClCompile>
    <ClCompile Include="TDirectX11Device.cpp">
      <Filter>Quelldateien</Filter>
    </ClCompile>
    <ClCompile Include="TMiracle.cpp">
      <Filter>Quelldateien</Filter>
    </ClCompile>
    <ClCompile Include="TSoundDeviceBase.cpp">
      <Filter>Quelldateien</Filter>
    </ClCompile>
    <ClCompile Include="TEngineApplication.cpp">
      <Filter>Quelldateien</Filter>
    </ClCompile>
    <ClCompile Include="TStaticMesh.cpp">
      <Filter>Quelldateien</Filter>
    </ClCompile>
    <ClCompile Include="TDNA.cpp">
      <Filter>Quelldateien</Filter>
    </ClCompile>
    <ClCompile Include="TRandom.cpp">
      <Filter>Quelldateien</Filter>
    </ClCompile>
    <ClCompile Include="TGeneticAlgorithm.cpp">
      <Filter>Quelldateien</Filter>
    </ClCompile>
    <ClCompile Include="TInputComponent.cpp">
      <Filter>Quelldateien</Filter>
    </ClCompile>
    <ClCompile Include="TD3DText.cpp">
      <Filter>Quelldateien</Filter>
    </ClCompile>
  </ItemGroup>
  <ItemGroup>
    <Image Include="small.ico">
      <Filter>Ressourcendateien</Filter>
    </Image>
    <Image Include="ValkyraEngine.ico">
      <Filter>Ressourcendateien</Filter>
    </Image>
  </ItemGroup>
</Project>